
Microsoft Visual Studio Solution File, Format Version 12.00
# Visual Studio Version 17
VisualStudioVersion = 17.10.34928.147
MinimumVisualStudioVersion = 10.0.40219.1
Project("{FAE04EC0-301F-11D3-BF4B-00C04F79EFBC}") = "LoginForm_ASP-6", "LoginForm_ASP-6\LoginForm_ASP-6.csproj", "{2D8B478B-1640-4043-AA1F-CE2D2EEDA91D}"
EndProject
Global
	GlobalSection(SolutionConfigurationPlatforms) = preSolution
		Debug|Any CPU = Debug|Any CPU
		Release|Any CPU = Release|Any CPU
	EndGlobalSection
	GlobalSection(ProjectConfigurationPlatforms) = postSolution
		{2D8B478B-1640-4043-AA1F-CE2D2EEDA91D}.Debug|Any CPU.ActiveCfg = Debug|Any CPU
		{2D8B478B-1640-4043-AA1F-CE2D2EEDA91D}.Debug|Any CPU.Build.0 = Debug|Any CPU
		{2D8B478B-1640-4043-AA1F-CE2D2EEDA91D}.Release|Any CPU.ActiveCfg = Release|Any CPU
		{2D8B478B-1640-4043-AA1F-CE2D2EEDA91D}.Release|Any CPU.Build.0 = Release|Any CPU
	EndGlobalSection
	GlobalSection(SolutionProperties) = preSolution
		HideSolutionNode = FALSE
	EndGlobalSection
	GlobalSection(ExtensibilityGlobals) = postSolution
		SolutionGuid = {72848166-5C1E-4AC0-97DC-5AFD2656E529}
	EndGlobalSection
EndGlobal
